
Microsoft Visual Studio Solution File, Format Version 12.00
# Visual Studio 14
VisualStudioVersion = 14.0.25420.1
MinimumVisualStudioVersion = 10.0.40219.1
Project("{2150E333-8FDC-42A3-9474-1A3956D46DE8}") = "src", "src", "{72C66AB0-7648-4AD6-ABAF-F600FD355E2F}"
EndProject
Project("{2150E333-8FDC-42A3-9474-1A3956D46DE8}") = "Solution Items", "Solution Items", "{EE39AAEC-3C31-4DD3-9C9D-6CC838F41409}"
	ProjectSection(SolutionItems) = preProject
		global.json = global.json
	EndProjectSection
EndProject
Project("{8BB2217D-0F2D-49D1-97BC-3654ED321F3B}") = "server", "src\server\server.xproj", "{70611EDE-43CA-4279-987B-48AE0E88F351}"
EndProject
Project("{FAE04EC0-301F-11D3-BF4B-00C04F79EFBC}") = "app", "src\app\app.csproj", "{621F4E71-015F-4A73-949B-6F4EAA5444F0}"
EndProject
Global
	GlobalSection(SolutionConfigurationPlatforms) = preSolution
		Debug|Any CPU = Debug|Any CPU
		Release|Any CPU = Release|Any CPU
	EndGlobalSection
	GlobalSection(ProjectConfigurationPlatforms) = postSolution
		{70611EDE-43CA-4279-987B-48AE0E88F351}.Debug|Any CPU.ActiveCfg = Debug|Any CPU
		{70611EDE-43CA-4279-987B-48AE0E88F351}.Debug|Any CPU.Build.0 = Debug|Any CPU
		{70611EDE-43CA-4279-987B-48AE0E88F351}.Release|Any CPU.ActiveCfg = Release|Any CPU
		{70611EDE-43CA-4279-987B-48AE0E88F351}.Release|Any CPU.Build.0 = Release|Any CPU
		{621F4E71-015F-4A73-949B-6F4EAA5444F0}.Debug|Any CPU.ActiveCfg = Debug|Any CPU
		{621F4E71-015F-4A73-949B-6F4EAA5444F0}.Release|Any CPU.ActiveCfg = Release|Any CPU
		{621F4E71-015F-4A73-949B-6F4EAA5444F0}.Release|Any CPU.Build.0 = Release|Any CPU
	EndGlobalSection
	GlobalSection(SolutionProperties) = preSolution
		HideSolutionNode = FALSE
	EndGlobalSection
	GlobalSection(NestedProjects) = preSolution
		{70611EDE-43CA-4279-987B-48AE0E88F351} = {72C66AB0-7648-4AD6-ABAF-F600FD355E2F}
		{621F4E71-015F-4A73-949B-6F4EAA5444F0} = {72C66AB0-7648-4AD6-ABAF-F600FD355E2F}
	EndGlobalSection
EndGlobal
